
Microsoft Visual Studio Solution File, Format Version 12.00
# Visual Studio 2013
VisualStudioVersion = 12.0.30324.0
MinimumVisualStudioVersion = 10.0.40219.1
Project("{FAE04EC0-301F-11D3-BF4B-00C04F79EFBC}") = "Colore", "Colore\Colore.csproj", "{5FE57EFB-EF8F-4C1B-8C13-0F85F3BEFFFA}"
EndProject
Global
	GlobalSection(SolutionConfigurationPlatforms) = preSolution
		Debug|Any CPU = Debug|Any CPU
		Release|Any CPU = Release|Any CPU
	EndGlobalSection
	GlobalSection(ProjectConfigurationPlatforms) = postSolution
		{5FE57EFB-EF8F-4C1B-8C13-0F85F3BEFFFA}.Debug|Any CPU.ActiveCfg = Debug|Any CPU
		{5FE57EFB-EF8F-4C1B-8C13-0F85F3BEFFFA}.Debug|Any CPU.Build.0 = Debug|Any CPU
		{5FE57EFB-EF8F-4C1B-8C13-0F85F3BEFFFA}.Release|Any CPU.ActiveCfg = Release|Any CPU
		{5FE57EFB-EF8F-4C1B-8C13-0F85F3BEFFFA}.Release|Any CPU.Build.0 = Release|Any CPU
	EndGlobalSection
	GlobalSection(SolutionProperties) = preSolution
		HideSolutionNode = FALSE
	EndGlobalSection
EndGlobal
